[{<<"goldrush">>,
  {git,"git://github.com/DeadZen/goldrush.git",
       {ref,"71e63212f12c25827e0c1b4198d37d5d018a7fec"}},
  1},
 {<<"uuid">>,
  {git,"https://github.com/project-fifo/erlang-uuid.git",
       {ref,"02e7afa6a90c14da309175c57e9941c3ede6d8a2"}},
  0},
 {<<"riak_dt">>,
  {git,"https://github.com/basho/riak_dt.git",
       {ref,"f7981d4ad7407ddc085f133f204dd71bf9d50c56"}},
  0},
 {<<"libsnarlmatch">>,
  {git,"https://github.com/project-fifo/libsnarlmatch.git",
       {ref,"9e712fb5d6c041fc16af7f85cda4b2c05b06e5a0"}},
  0},
 {<<"lager">>,
  {git,"git://github.com/basho/lager",
       {ref,"b6b6cebcb27ccff8acc59ae775acebc2f52e4926"}},
  0},
 {<<"jsxd">>,
  {git,"https://github.com/Licenser/jsxd.git",
       {ref,"ac60f034e313da8e6c533e247c90e6add16939fe"}},
  0},
 {<<"jsx">>,
  {git,"http://github.com/talentdeficit/jsx.git",
       {ref,"e50af6e109cb03bd26acf715cbc77de746507d1d"}},
  0},
 {<<"fqc">>,
  {git,"https://github.com/project-fifo/fqc.git",
       {ref,"ad62f8121414ed026a6a9f564b1856191ab7d1fc"}},
  0}].
